{
    "_meta": {
        "hash": {
            "sha256": "d18f654ba94ca269ab4c4130382f8439ad3af22c7ecb133c5746e2cb0fcb2a34"
        },
        "pipfile-spec": 6,
        "requires": {
            "python_version": "2.7",
            "pytz": "2018.3",
            "requests": "2.18.4",
            "urllib3": "1.22"
        },
        "sources": [
            {
                "name": "pypi",
                "url": "https://pypi.python.org/simple",
                "verify_ssl": true
            }
        ]
    },
    "default": {},
    "develop": {}
}
